
Microsoft Visual Studio Solution File, Format Version 12.00
# Visual Studio Version 17
VisualStudioVersion = 17.8.34309.116
MinimumVisualStudioVersion = 10.0.40219.1
Project("{9A19103F-16F7-4668-BE54-9A1E7A4F7556}") = "ECommerceWebApi", "ECommerceWebApi\ECommerceWebApi.csproj", "{CE4BF2B4-F81E-48AE-9D9B-9A062199F331}"
EndProject
Project("{9A19103F-16F7-4668-BE54-9A1E7A4F7556}") = "ECommerceWebUi", "ECommerceWebUi\ECommerceWebUi.csproj", "{C7F42848-87A2-4892-ACB3-AAF815DE25BA}"
EndProject
Project("{9A19103F-16F7-4668-BE54-9A1E7A4F7556}") = "ECommerceEntities", "ECommerceEntities\ECommerceEntities.csproj", "{FDE6EAD6-D31D-4A9E-BE42-813B0ED1B2FB}"
EndProject
Project("{9A19103F-16F7-4668-BE54-9A1E7A4F7556}") = "ECommerceDataAccess", "ECommerceDataAccess\ECommerceDataAccess.csproj", "{35EFD67C-F6D0-4A6C-AE1F-6F2E0F282996}"
EndProject
Project("{FAE04EC0-301F-11D3-BF4B-00C04F79EFBC}") = "ECommerceBusiness", "ECommerceBusiness\ECommerceBusiness.csproj", "{AA35DED7-BBD3-45E1-93C8-CA8930C9BAAC}"
EndProject
Global
	GlobalSection(SolutionConfigurationPlatforms) = preSolution
		Debug|Any CPU = Debug|Any CPU
		Release|Any CPU = Release|Any CPU
	EndGlobalSection
	GlobalSection(ProjectConfigurationPlatforms) = postSolution
		{CE4BF2B4-F81E-48AE-9D9B-9A062199F331}.Debug|Any CPU.ActiveCfg = Debug|Any CPU
		{CE4BF2B4-F81E-48AE-9D9B-9A062199F331}.Debug|Any CPU.Build.0 = Debug|Any CPU
		{CE4BF2B4-F81E-48AE-9D9B-9A062199F331}.Release|Any CPU.ActiveCfg = Release|Any CPU
		{CE4BF2B4-F81E-48AE-9D9B-9A062199F331}.Release|Any CPU.Build.0 = Release|Any CPU
		{C7F42848-87A2-4892-ACB3-AAF815DE25BA}.Debug|Any CPU.ActiveCfg = Debug|Any CPU
		{C7F42848-87A2-4892-ACB3-AAF815DE25BA}.Debug|Any CPU.Build.0 = Debug|Any CPU
		{C7F42848-87A2-4892-ACB3-AAF815DE25BA}.Release|Any CPU.ActiveCfg = Release|Any CPU
		{C7F42848-87A2-4892-ACB3-AAF815DE25BA}.Release|Any CPU.Build.0 = Release|Any CPU
		{FDE6EAD6-D31D-4A9E-BE42-813B0ED1B2FB}.Debug|Any CPU.ActiveCfg = Debug|Any CPU
		{FDE6EAD6-D31D-4A9E-BE42-813B0ED1B2FB}.Debug|Any CPU.Build.0 = Debug|Any CPU
		{FDE6EAD6-D31D-4A9E-BE42-813B0ED1B2FB}.Release|Any CPU.ActiveCfg = Release|Any CPU
		{FDE6EAD6-D31D-4A9E-BE42-813B0ED1B2FB}.Release|Any CPU.Build.0 = Release|Any CPU
		{35EFD67C-F6D0-4A6C-AE1F-6F2E0F282996}.Debug|Any CPU.ActiveCfg = Debug|Any CPU
		{35EFD67C-F6D0-4A6C-AE1F-6F2E0F282996}.Debug|Any CPU.Build.0 = Debug|Any CPU
		{35EFD67C-F6D0-4A6C-AE1F-6F2E0F282996}.Release|Any CPU.ActiveCfg = Release|Any CPU
		{35EFD67C-F6D0-4A6C-AE1F-6F2E0F282996}.Release|Any CPU.Build.0 = Release|Any CPU
		{AA35DED7-BBD3-45E1-93C8-CA8930C9BAAC}.Debug|Any CPU.ActiveCfg = Debug|Any CPU
		{AA35DED7-BBD3-45E1-93C8-CA8930C9BAAC}.Debug|Any CPU.Build.0 = Debug|Any CPU
		{AA35DED7-BBD3-45E1-93C8-CA8930C9BAAC}.Release|Any CPU.ActiveCfg = Release|Any CPU
		{AA35DED7-BBD3-45E1-93C8-CA8930C9BAAC}.Release|Any CPU.Build.0 = Release|Any CPU
	EndGlobalSection
	GlobalSection(SolutionProperties) = preSolution
		HideSolutionNode = FALSE
	EndGlobalSection
	GlobalSection(ExtensibilityGlobals) = postSolution
		SolutionGuid = {EED71EDB-BF82-4A4F-8EEA-AF3B967696E3}
	EndGlobalSection
EndGlobal
